
Microsoft Visual Studio Solution File, Format Version 12.00
# Visual Studio Version 17
VisualStudioVersion = 17.0.31903.59
MinimumVisualStudioVersion = 10.0.40219.1
Project("{2150E333-8FDC-42A3-9474-1A3956D46DE8}") = "src", "src", "{827E0CD3-B72D-47B6-A68D-7590B98EB39B}"
EndProject
Project("{FAE04EC0-301F-11D3-BF4B-00C04F79EFBC}") = "Monitor.Core", "src\Monitor.Core\Monitor.Core.csproj", "{E6916C2C-6A5E-41B8-ABB4-D902F036E89C}"
EndProject
Project("{FAE04EC0-301F-11D3-BF4B-00C04F79EFBC}") = "Monitor.Api", "src\Monitor.Api\Monitor.Api.csproj", "{B3F64C94-5708-4BB0-BC21-878BA1D796D7}"
EndProject
Project("{FAE04EC0-301F-11D3-BF4B-00C04F79EFBC}") = "Monitor.Data", "src\Monitor.Data\Monitor.Data.csproj", "{EFE469CB-5C9E-4738-A52F-9322C7571234}"
EndProject
Project("{FAE04EC0-301F-11D3-BF4B-00C04F79EFBC}") = "Monitor.Identity", "src\Monitor.Identity\Monitor.Identity.csproj", "{728341C3-E810-4621-A8C2-24DB6777682F}"
EndProject
Project("{2150E333-8FDC-42A3-9474-1A3956D46DE8}") = "tests", "tests", "{0AB3BF05-4346-4AA6-1389-037BE0695223}"
EndProject
Project("{FAE04EC0-301F-11D3-BF4B-00C04F79EFBC}") = "Monitor.UnitTests", "tests\Monitor.UnitTests\Monitor.UnitTests.csproj", "{C1201C55-F557-4F63-AA4D-2C8100DE0E6A}"
EndProject
Project("{FAE04EC0-301F-11D3-BF4B-00C04F79EFBC}") = "Monitor.Database", "src\Monitor.Database\Monitor.Database.csproj", "{EFC92F5E-BB00-4DF9-BC98-FC9FA398CA9F}"
EndProject
Project("{FAE04EC0-301F-11D3-BF4B-00C04F79EFBC}") = "Monitor.Gateway", "src\Monitor.Gateway\Monitor.Gateway.csproj", "{FF25E332-434A-44EF-A425-9773BB54AB22}"
EndProject
Project("{FAE04EC0-301F-11D3-BF4B-00C04F79EFBC}") = "Monitor.Files", "src\Monitor.Files\Monitor.Files.csproj", "{9CBA3ECC-E3C5-4089-BBDD-32092DF95C06}"
EndProject
Global
	GlobalSection(SolutionConfigurationPlatforms) = preSolution
		Debug|Any CPU = Debug|Any CPU
		Debug|x64 = Debug|x64
		Debug|x86 = Debug|x86
		Release|Any CPU = Release|Any CPU
		Release|x64 = Release|x64
		Release|x86 = Release|x86
	EndGlobalSection
	GlobalSection(ProjectConfigurationPlatforms) = postSolution
		{E6916C2C-6A5E-41B8-ABB4-D902F036E89C}.Debug|Any CPU.ActiveCfg = Debug|Any CPU
		{E6916C2C-6A5E-41B8-ABB4-D902F036E89C}.Debug|Any CPU.Build.0 = Debug|Any CPU
		{E6916C2C-6A5E-41B8-ABB4-D902F036E89C}.Debug|x64.ActiveCfg = Debug|Any CPU
		{E6916C2C-6A5E-41B8-ABB4-D902F036E89C}.Debug|x64.Build.0 = Debug|Any CPU
		{E6916C2C-6A5E-41B8-ABB4-D902F036E89C}.Debug|x86.ActiveCfg = Debug|Any CPU
		{E6916C2C-6A5E-41B8-ABB4-D902F036E89C}.Debug|x86.Build.0 = Debug|Any CPU
		{E6916C2C-6A5E-41B8-ABB4-D902F036E89C}.Release|Any CPU.ActiveCfg = Release|Any CPU
		{E6916C2C-6A5E-41B8-ABB4-D902F036E89C}.Release|Any CPU.Build.0 = Release|Any CPU
		{E6916C2C-6A5E-41B8-ABB4-D902F036E89C}.Release|x64.ActiveCfg = Release|Any CPU
		{E6916C2C-6A5E-41B8-ABB4-D902F036E89C}.Release|x64.Build.0 = Release|Any CPU
		{E6916C2C-6A5E-41B8-ABB4-D902F036E89C}.Release|x86.ActiveCfg = Release|Any CPU
		{E6916C2C-6A5E-41B8-ABB4-D902F036E89C}.Release|x86.Build.0 = Release|Any CPU
		{B3F64C94-5708-4BB0-BC21-878BA1D796D7}.Debug|Any CPU.ActiveCfg = Debug|Any CPU
		{B3F64C94-5708-4BB0-BC21-878BA1D796D7}.Debug|Any CPU.Build.0 = Debug|Any CPU
		{B3F64C94-5708-4BB0-BC21-878BA1D796D7}.Debug|x64.ActiveCfg = Debug|Any CPU
		{B3F64C94-5708-4BB0-BC21-878BA1D796D7}.Debug|x64.Build.0 = Debug|Any CPU
		{B3F64C94-5708-4BB0-BC21-878BA1D796D7}.Debug|x86.ActiveCfg = Debug|Any CPU
		{B3F64C94-5708-4BB0-BC21-878BA1D796D7}.Debug|x86.Build.0 = Debug|Any CPU
		{B3F64C94-5708-4BB0-BC21-878BA1D796D7}.Release|Any CPU.ActiveCfg = Release|Any CPU
		{B3F64C94-5708-4BB0-BC21-878BA1D796D7}.Release|Any CPU.Build.0 = Release|Any CPU
		{B3F64C94-5708-4BB0-BC21-878BA1D796D7}.Release|x64.ActiveCfg = Release|Any CPU
		{B3F64C94-5708-4BB0-BC21-878BA1D796D7}.Release|x64.Build.0 = Release|Any CPU
		{B3F64C94-5708-4BB0-BC21-878BA1D796D7}.Release|x86.ActiveCfg = Release|Any CPU
		{B3F64C94-5708-4BB0-BC21-878BA1D796D7}.Release|x86.Build.0 = Release|Any CPU
		{EFE469CB-5C9E-4738-A52F-9322C7571234}.Debug|Any CPU.ActiveCfg = Debug|Any CPU
		{EFE469CB-5C9E-4738-A52F-9322C7571234}.Debug|Any CPU.Build.0 = Debug|Any CPU
		{EFE469CB-5C9E-4738-A52F-9322C7571234}.Debug|x64.ActiveCfg = Debug|Any CPU
		{EFE469CB-5C9E-4738-A52F-9322C7571234}.Debug|x64.Build.0 = Debug|Any CPU
		{EFE469CB-5C9E-4738-A52F-9322C7571234}.Debug|x86.ActiveCfg = Debug|Any CPU
		{EFE469CB-5C9E-4738-A52F-9322C7571234}.Debug|x86.Build.0 = Debug|Any CPU
		{EFE469CB-5C9E-4738-A52F-9322C7571234}.Release|Any CPU.ActiveCfg = Release|Any CPU
		{EFE469CB-5C9E-4738-A52F-9322C7571234}.Release|Any CPU.Build.0 = Release|Any CPU
		{EFE469CB-5C9E-4738-A52F-9322C7571234}.Release|x64.ActiveCfg = Release|Any CPU
		{EFE469CB-5C9E-4738-A52F-9322C7571234}.Release|x64.Build.0 = Release|Any CPU
		{EFE469CB-5C9E-4738-A52F-9322C7571234}.Release|x86.ActiveCfg = Release|Any CPU
		{EFE469CB-5C9E-4738-A52F-9322C7571234}.Release|x86.Build.0 = Release|Any CPU
		{728341C3-E810-4621-A8C2-24DB6777682F}.Debug|Any CPU.ActiveCfg = Debug|Any CPU
		{728341C3-E810-4621-A8C2-24DB6777682F}.Debug|Any CPU.Build.0 = Debug|Any CPU
		{728341C3-E810-4621-A8C2-24DB6777682F}.Debug|x64.ActiveCfg = Debug|Any CPU
		{728341C3-E810-4621-A8C2-24DB6777682F}.Debug|x64.Build.0 = Debug|Any CPU
		{728341C3-E810-4621-A8C2-24DB6777682F}.Debug|x86.ActiveCfg = Debug|Any CPU
		{728341C3-E810-4621-A8C2-24DB6777682F}.Debug|x86.Build.0 = Debug|Any CPU
		{728341C3-E810-4621-A8C2-24DB6777682F}.Release|Any CPU.ActiveCfg = Release|Any CPU
		{728341C3-E810-4621-A8C2-24DB6777682F}.Release|Any CPU.Build.0 = Release|Any CPU
		{728341C3-E810-4621-A8C2-24DB6777682F}.Release|x64.ActiveCfg = Release|Any CPU
		{728341C3-E810-4621-A8C2-24DB6777682F}.Release|x64.Build.0 = Release|Any CPU
		{728341C3-E810-4621-A8C2-24DB6777682F}.Release|x86.ActiveCfg = Release|Any CPU
		{728341C3-E810-4621-A8C2-24DB6777682F}.Release|x86.Build.0 = Release|Any CPU
		{C1201C55-F557-4F63-AA4D-2C8100DE0E6A}.Debug|Any CPU.ActiveCfg = Debug|Any CPU
		{C1201C55-F557-4F63-AA4D-2C8100DE0E6A}.Debug|Any CPU.Build.0 = Debug|Any CPU
		{C1201C55-F557-4F63-AA4D-2C8100DE0E6A}.Debug|x64.ActiveCfg = Debug|Any CPU
		{C1201C55-F557-4F63-AA4D-2C8100DE0E6A}.Debug|x64.Build.0 = Debug|Any CPU
		{C1201C55-F557-4F63-AA4D-2C8100DE0E6A}.Debug|x86.ActiveCfg = Debug|Any CPU
		{C1201C55-F557-4F63-AA4D-2C8100DE0E6A}.Debug|x86.Build.0 = Debug|Any CPU
		{C1201C55-F557-4F63-AA4D-2C8100DE0E6A}.Release|Any CPU.ActiveCfg = Release|Any CPU
		{C1201C55-F557-4F63-AA4D-2C8100DE0E6A}.Release|Any CPU.Build.0 = Release|Any CPU
		{C1201C55-F557-4F63-AA4D-2C8100DE0E6A}.Release|x64.ActiveCfg = Release|Any CPU
		{C1201C55-F557-4F63-AA4D-2C8100DE0E6A}.Release|x64.Build.0 = Release|Any CPU
		{C1201C55-F557-4F63-AA4D-2C8100DE0E6A}.Release|x86.ActiveCfg = Release|Any CPU
		{C1201C55-F557-4F63-AA4D-2C8100DE0E6A}.Release|x86.Build.0 = Release|Any CPU
		{EFC92F5E-BB00-4DF9-BC98-FC9FA398CA9F}.Debug|Any CPU.ActiveCfg = Debug|Any CPU
		{EFC92F5E-BB00-4DF9-BC98-FC9FA398CA9F}.Debug|Any CPU.Build.0 = Debug|Any CPU
		{EFC92F5E-BB00-4DF9-BC98-FC9FA398CA9F}.Debug|x64.ActiveCfg = Debug|Any CPU
		{EFC92F5E-BB00-4DF9-BC98-FC9FA398CA9F}.Debug|x64.Build.0 = Debug|Any CPU
		{EFC92F5E-BB00-4DF9-BC98-FC9FA398CA9F}.Debug|x86.ActiveCfg = Debug|Any CPU
		{EFC92F5E-BB00-4DF9-BC98-FC9FA398CA9F}.Debug|x86.Build.0 = Debug|Any CPU
		{EFC92F5E-BB00-4DF9-BC98-FC9FA398CA9F}.Release|Any CPU.ActiveCfg = Release|Any CPU
		{EFC92F5E-BB00-4DF9-BC98-FC9FA398CA9F}.Release|Any CPU.Build.0 = Release|Any CPU
		{EFC92F5E-BB00-4DF9-BC98-FC9FA398CA9F}.Release|x64.ActiveCfg = Release|Any CPU
		{EFC92F5E-BB00-4DF9-BC98-FC9FA398CA9F}.Release|x64.Build.0 = Release|Any CPU
		{EFC92F5E-BB00-4DF9-BC98-FC9FA398CA9F}.Release|x86.ActiveCfg = Release|Any CPU
		{EFC92F5E-BB00-4DF9-BC98-FC9FA398CA9F}.Release|x86.Build.0 = Release|Any CPU
		{FF25E332-434A-44EF-A425-9773BB54AB22}.Debug|Any CPU.ActiveCfg = Debug|Any CPU
		{FF25E332-434A-44EF-A425-9773BB54AB22}.Debug|Any CPU.Build.0 = Debug|Any CPU
		{FF25E332-434A-44EF-A425-9773BB54AB22}.Debug|x64.ActiveCfg = Debug|Any CPU
		{FF25E332-434A-44EF-A425-9773BB54AB22}.Debug|x64.Build.0 = Debug|Any CPU
		{FF25E332-434A-44EF-A425-9773BB54AB22}.Debug|x86.ActiveCfg = Debug|Any CPU
		{FF25E332-434A-44EF-A425-9773BB54AB22}.Debug|x86.Build.0 = Debug|Any CPU
		{FF25E332-434A-44EF-A425-9773BB54AB22}.Release|Any CPU.ActiveCfg = Release|Any CPU
		{FF25E332-434A-44EF-A425-9773BB54AB22}.Release|Any CPU.Build.0 = Release|Any CPU
		{FF25E332-434A-44EF-A425-9773BB54AB22}.Release|x64.ActiveCfg = Release|Any CPU
		{FF25E332-434A-44EF-A425-9773BB54AB22}.Release|x64.Build.0 = Release|Any CPU
		{FF25E332-434A-44EF-A425-9773BB54AB22}.Release|x86.ActiveCfg = Release|Any CPU
		{FF25E332-434A-44EF-A425-9773BB54AB22}.Release|x86.Build.0 = Release|Any CPU
		{9CBA3ECC-E3C5-4089-BBDD-32092DF95C06}.Debug|Any CPU.ActiveCfg = Debug|Any CPU
		{9CBA3ECC-E3C5-4089-BBDD-32092DF95C06}.Debug|Any CPU.Build.0 = Debug|Any CPU
		{9CBA3ECC-E3C5-4089-BBDD-32092DF95C06}.Debug|x64.ActiveCfg = Debug|Any CPU
		{9CBA3ECC-E3C5-4089-BBDD-32092DF95C06}.Debug|x64.Build.0 = Debug|Any CPU
		{9CBA3ECC-E3C5-4089-BBDD-32092DF95C06}.Debug|x86.ActiveCfg = Debug|Any CPU
		{9CBA3ECC-E3C5-4089-BBDD-32092DF95C06}.Debug|x86.Build.0 = Debug|Any CPU
		{9CBA3ECC-E3C5-4089-BBDD-32092DF95C06}.Release|Any CPU.ActiveCfg = Release|Any CPU
		{9CBA3ECC-E3C5-4089-BBDD-32092DF95C06}.Release|Any CPU.Build.0 = Release|Any CPU
		{9CBA3ECC-E3C5-4089-BBDD-32092DF95C06}.Release|x64.ActiveCfg = Release|Any CPU
		{9CBA3ECC-E3C5-4089-BBDD-32092DF95C06}.Release|x64.Build.0 = Release|Any CPU
		{9CBA3ECC-E3C5-4089-BBDD-32092DF95C06}.Release|x86.ActiveCfg = Release|Any CPU
		{9CBA3ECC-E3C5-4089-BBDD-32092DF95C06}.Release|x86.Build.0 = Release|Any CPU
	EndGlobalSection
	GlobalSection(SolutionProperties) = preSolution
		HideSolutionNode = FALSE
	EndGlobalSection
	GlobalSection(NestedProjects) = preSolution
		{E6916C2C-6A5E-41B8-ABB4-D902F036E89C} = {827E0CD3-B72D-47B6-A68D-7590B98EB39B}
		{B3F64C94-5708-4BB0-BC21-878BA1D796D7} = {827E0CD3-B72D-47B6-A68D-7590B98EB39B}
		{EFE469CB-5C9E-4738-A52F-9322C7571234} = {827E0CD3-B72D-47B6-A68D-7590B98EB39B}
		{728341C3-E810-4621-A8C2-24DB6777682F} = {827E0CD3-B72D-47B6-A68D-7590B98EB39B}
		{C1201C55-F557-4F63-AA4D-2C8100DE0E6A} = {0AB3BF05-4346-4AA6-1389-037BE0695223}
		{EFC92F5E-BB00-4DF9-BC98-FC9FA398CA9F} = {827E0CD3-B72D-47B6-A68D-7590B98EB39B}
		{FF25E332-434A-44EF-A425-9773BB54AB22} = {827E0CD3-B72D-47B6-A68D-7590B98EB39B}
		{9CBA3ECC-E3C5-4089-BBDD-32092DF95C06} = {827E0CD3-B72D-47B6-A68D-7590B98EB39B}
	EndGlobalSection
EndGlobal
